
Microsoft Visual Studio Solution File, Format Version 12.00
# Visual Studio Version 17
VisualStudioVersion = 17.0.31903.59
MinimumVisualStudioVersion = 10.0.40219.1
Project("{FAE04EC0-301F-11D3-BF4B-00C04F79EFBC}") = "QbitForward", "QbitForward\QbitForward.csproj", "{18A379C6-A3E8-4876-A43A-85BB4D5D8A2D}"
EndProject
Global
	GlobalSection(SolutionConfigurationPlatforms) = preSolution
		Debug|Any CPU = Debug|Any CPU
		Release|Any CPU = Release|Any CPU
	EndGlobalSection
	GlobalSection(ProjectConfigurationPlatforms) = postSolution
		{18A379C6-A3E8-4876-A43A-85BB4D5D8A2D}.Debug|Any CPU.ActiveCfg = Debug|Any CPU
		{18A379C6-A3E8-4876-A43A-85BB4D5D8A2D}.Debug|Any CPU.Build.0 = Debug|Any CPU
		{18A379C6-A3E8-4876-A43A-85BB4D5D8A2D}.Release|Any CPU.ActiveCfg = Release|Any CPU
		{18A379C6-A3E8-4876-A43A-85BB4D5D8A2D}.Release|Any CPU.Build.0 = Release|Any CPU
	EndGlobalSection
	GlobalSection(SolutionProperties) = preSolution
		HideSolutionNode = FALSE
	EndGlobalSection
	GlobalSection(ExtensibilityGlobals) = postSolution
		SolutionGuid = {D830849A-8B5C-48B2-A529-BD8F71742950}
	EndGlobalSection
EndGlobal
